
Microsoft Visual Studio Solution File, Format Version 12.00
# Visual Studio Version 16
VisualStudioVersion = 16.0.31702.278
MinimumVisualStudioVersion = 10.0.40219.1
Project("{FAE04EC0-301F-11D3-BF4B-00C04F79EFBC}") = "kursovaya", "kursovaya\kursovaya.csproj", "{7DB0EBA7-09D9-431A-8B9D-ADFE4ADA4791}"
EndProject
Project("{FAE04EC0-301F-11D3-BF4B-00C04F79EFBC}") = "TestProject1", "TestProject1\TestProject1.csproj", "{EBF12B4C-6668-411F-A9B0-2B13693E4CD9}"
EndProject
Global
	GlobalSection(SolutionConfigurationPlatforms) = preSolution
		Debug|Any CPU = Debug|Any CPU
		Release|Any CPU = Release|Any CPU
	EndGlobalSection
	GlobalSection(ProjectConfigurationPlatforms) = postSolution
		{7DB0EBA7-09D9-431A-8B9D-ADFE4ADA4791}.Debug|Any CPU.ActiveCfg = Debug|Any CPU
		{7DB0EBA7-09D9-431A-8B9D-ADFE4ADA4791}.Debug|Any CPU.Build.0 = Debug|Any CPU
		{7DB0EBA7-09D9-431A-8B9D-ADFE4ADA4791}.Release|Any CPU.ActiveCfg = Release|Any CPU
		{7DB0EBA7-09D9-431A-8B9D-ADFE4ADA4791}.Release|Any CPU.Build.0 = Release|Any CPU
		{EBF12B4C-6668-411F-A9B0-2B13693E4CD9}.Debug|Any CPU.ActiveCfg = Debug|Any CPU
		{EBF12B4C-6668-411F-A9B0-2B13693E4CD9}.Debug|Any CPU.Build.0 = Debug|Any CPU
		{EBF12B4C-6668-411F-A9B0-2B13693E4CD9}.Release|Any CPU.ActiveCfg = Release|Any CPU
		{EBF12B4C-6668-411F-A9B0-2B13693E4CD9}.Release|Any CPU.Build.0 = Release|Any CPU
	EndGlobalSection
	GlobalSection(SolutionProperties) = preSolution
		HideSolutionNode = FALSE
	EndGlobalSection
	GlobalSection(ExtensibilityGlobals) = postSolution
		SolutionGuid = {80689BB8-E616-4527-BC76-F6152D2B32BF}
	EndGlobalSection
EndGlobal
